
Microsoft Visual Studio Solution File, Format Version 12.00
# Visual Studio Version 17
VisualStudioVersion = 17.0.32014.148
MinimumVisualStudioVersion = 10.0.40219.1
Project("{FAE04EC0-301F-11D3-BF4B-00C04F79EFBC}") = "Variables", "Variables.csproj", "{91FF7487-B396-4662-8B95-59E8C43A895B}"
EndProject
Global
	GlobalSection(SolutionConfigurationPlatforms) = preSolution
		Debug|Any CPU = Debug|Any CPU
		Release|Any CPU = Release|Any CPU
	EndGlobalSection
	GlobalSection(ProjectConfigurationPlatforms) = postSolution
		{91FF7487-B396-4662-8B95-59E8C43A895B}.Debug|Any CPU.ActiveCfg = Debug|Any CPU
		{91FF7487-B396-4662-8B95-59E8C43A895B}.Debug|Any CPU.Build.0 = Debug|Any CPU
		{91FF7487-B396-4662-8B95-59E8C43A895B}.Release|Any CPU.ActiveCfg = Release|Any CPU
		{91FF7487-B396-4662-8B95-59E8C43A895B}.Release|Any CPU.Build.0 = Release|Any CPU
	EndGlobalSection
	GlobalSection(SolutionProperties) = preSolution
		HideSolutionNode = FALSE
	EndGlobalSection
	GlobalSection(ExtensibilityGlobals) = postSolution
		SolutionGuid = {E7B5B9CE-EF01-4412-AEF2-6B36B13F40F5}
	EndGlobalSection
EndGlobal
